<?xml version="1.0" encoding="utf-8"?>
<Project ToolsVersion="4.0" xmlns="http://schemas.microsoft.com/developer/msbuild/2003">
  <ItemGroup>
    <ClCompile Include="Main.cpp">
      <Filter>ソースファイル</Filter>
    </ClCompile>
    <ClCompile Include="Engine.cpp">
      <Filter>ソースファイル\Engine</Filter>
    </ClCompile>
    <ClCompile Include="Graphics.cpp">
      <Filter>ソースファイル\Engine</Filter>
    </ClCompile>
    <ClCompile Include="Window.cpp">
      <Filter>ソースファイル\Engine</Filter>
    </ClCompile>
    <ClCompile Include="GameClearScene.cpp">
      <Filter>ソースファイル\Scene</Filter>
    </ClCompile>
    <ClCompile Include="GameOverScene.cpp">
      <Filter>ソースファイル\Scene</Filter>
    </ClCompile>
    <ClCompile Include="GameScene.cpp">
      <Filter>ソースファイル\Scene</Filter>
    </ClCompile>
    <ClCompile Include="HelpScene.cpp">
      <Filter>ソースファイル\Scene</Filter>
    </ClCompile>
    <ClCompile Include="SceneSwitcher.cpp">
      <Filter>ソースファイル\Scene</Filter>
    </ClCompile>
    <ClCompile Include="TitleScene.cpp">
      <Filter>ソースファイル\Scene</Filter>
    </ClCompile>
    <ClCompile Include="Texture.cpp">
      <Filter>ソースファイル\Texture</Filter>
    </ClCompile>
    <ClCompile Include="Input.cpp">
      <Filter>ソースファイル\Engine</Filter>
    </ClCompile>
    <ClCompile Include="AI.cpp">
      <Filter>ソースファイル\Engine</Filter>
    </ClCompile>
  </ItemGroup>
  <ItemGroup>
    <ClInclude Include="Engine.h">
      <Filter>ソースファイル\Engine</Filter>
    </ClInclude>
    <ClInclude Include="Graphics.h">
      <Filter>ソースファイル\Engine</Filter>
    </ClInclude>
    <ClInclude Include="Input.h">
      <Filter>ソースファイル\Engine</Filter>
    </ClInclude>
    <ClInclude Include="TitleScene.h">
      <Filter>ソースファイル\Scene</Filter>
    </ClInclude>
    <ClInclude Include="GameClearScene.h">
      <Filter>ソースファイル\Scene</Filter>
    </ClInclude>
    <ClInclude Include="GameOverScene.h">
      <Filter>ソースファイル\Scene</Filter>
    </ClInclude>
    <ClInclude Include="GameScene.h">
      <Filter>ソースファイル\Scene</Filter>
    </ClInclude>
    <ClInclude Include="HelpScene.h">
      <Filter>ソースファイル\Scene</Filter>
    </ClInclude>
    <ClInclude Include="SceneSwitcher.h">
      <Filter>ソースファイル\Scene</Filter>
    </ClInclude>
    <ClInclude Include="Window.h">
      <Filter>ソースファイル\Engine</Filter>
    </ClInclude>
    <ClInclude Include="Texture.h">
      <Filter>ソースファイル\Texture</Filter>
    </ClInclude>
    <ClInclude Include="Size.h">
      <Filter>ソースファイル\Utility</Filter>
    </ClInclude>
    <ClInclude Include="Vec.h">
      <Filter>ソースファイル\Utility</Filter>
    </ClInclude>
    <ClInclude Include="AI.h">
      <Filter>ソースファイル\Engine</Filter>
    </ClInclude>
  </ItemGroup>
  <ItemGroup>
    <Filter Include="ソースファイル">
      <UniqueIdentifier>{459d4e56-4deb-43a3-a788-5d76db030111}</UniqueIdentifier>
    </Filter>
    <Filter Include="ソースファイル\Engine">
      <UniqueIdentifier>{9ecbf5a1-4a1b-4886-b2ad-8077b964735b}</UniqueIdentifier>
    </Filter>
    <Filter Include="ソースファイル\Texture">
      <UniqueIdentifier>{6b16626b-bd8a-4ddd-90ce-051e6a16c273}</UniqueIdentifier>
    </Filter>
    <Filter Include="ソースファイル\Scene">
      <UniqueIdentifier>{241754e0-483b-4515-9928-5ccc3dad710d}</UniqueIdentifier>
    </Filter>
    <Filter Include="ソースファイル\Utility">
      <UniqueIdentifier>{25d83d49-63ab-4ff8-bb48-80b6646f0666}</UniqueIdentifier>
    </Filter>
  </ItemGroup>
</Project>